
Microsoft Visual Studio Solution File, Format Version 12.00
# Visual Studio Version 17
VisualStudioVersion = 17.4.33122.133
MinimumVisualStudioVersion = 10.0.40219.1
Project("{FAE04EC0-301F-11D3-BF4B-00C04F79EFBC}") = "Tents_DFS_BFS", "Tents_DFS_BFS.csproj", "{CF2BF95B-D4B0-4C82-9369-421AC45B14EB}"
EndProject
Global
	GlobalSection(SolutionConfigurationPlatforms) = preSolution
		Debug|Any CPU = Debug|Any CPU
		Release|Any CPU = Release|Any CPU
	EndGlobalSection
	GlobalSection(ProjectConfigurationPlatforms) = postSolution
		{CF2BF95B-D4B0-4C82-9369-421AC45B14EB}.Debug|Any CPU.ActiveCfg = Debug|Any CPU
		{CF2BF95B-D4B0-4C82-9369-421AC45B14EB}.Debug|Any CPU.Build.0 = Debug|Any CPU
		{CF2BF95B-D4B0-4C82-9369-421AC45B14EB}.Release|Any CPU.ActiveCfg = Release|Any CPU
		{CF2BF95B-D4B0-4C82-9369-421AC45B14EB}.Release|Any CPU.Build.0 = Release|Any CPU
	EndGlobalSection
	GlobalSection(SolutionProperties) = preSolution
		HideSolutionNode = FALSE
	EndGlobalSection
	GlobalSection(ExtensibilityGlobals) = postSolution
		SolutionGuid = {44DE721F-1BFE-483A-88FD-A813D016292E}
	EndGlobalSection
EndGlobal
